
Microsoft Visual Studio Solution File, Format Version 12.00
# Visual Studio Version 17
VisualStudioVersion = 17.9.34728.123
MinimumVisualStudioVersion = 10.0.40219.1
Project("{FAE04EC0-301F-11D3-BF4B-00C04F79EFBC}") = "ETicaretWebUI", "ETicaretWebUI\ETicaretWebUI.csproj", "{B9C04EF0-28E5-4E0D-B397-027BC8A60386}"
EndProject
Global
	GlobalSection(SolutionConfigurationPlatforms) = preSolution
		Debug|Any CPU = Debug|Any CPU
		Release|Any CPU = Release|Any CPU
	EndGlobalSection
	GlobalSection(ProjectConfigurationPlatforms) = postSolution
		{B9C04EF0-28E5-4E0D-B397-027BC8A60386}.Debug|Any CPU.ActiveCfg = Debug|Any CPU
		{B9C04EF0-28E5-4E0D-B397-027BC8A60386}.Debug|Any CPU.Build.0 = Debug|Any CPU
		{B9C04EF0-28E5-4E0D-B397-027BC8A60386}.Release|Any CPU.ActiveCfg = Release|Any CPU
		{B9C04EF0-28E5-4E0D-B397-027BC8A60386}.Release|Any CPU.Build.0 = Release|Any CPU
	EndGlobalSection
	GlobalSection(SolutionProperties) = preSolution
		HideSolutionNode = FALSE
	EndGlobalSection
	GlobalSection(ExtensibilityGlobals) = postSolution
		SolutionGuid = {E701AA2B-5F4F-478E-98F6-62AD45C219E0}
	EndGlobalSection
EndGlobal
